{
  "name": "date-renderer",
  "version": "1.0.1",
  "lockfileVersion": 1,
  "requires": true,
  "dependencies": {
    "@marcelo1811/date-logic": {
      "version": "1.0.0",
      "resolved": "https://npm.pkg.github.com/download/@marcelo1811/date-logic/1.0.0/f1800174149d121f2a54a9d1c95e2c1284c265083d648d054889963d779ca2e1",
      "integrity": "sha512-x2+FdPMQ323r2brcBk3K1ya16J5eTdwNHPMEFzUM9wT3Dx5no7Nv1Dd217fOz3D8BlfkZUbDIV4BcI9q6kEUqg=="
    }
  }
}
